// !$*UTF8*$!
{
	archiveVersion = 1;
	classes = {
	};
	objectVersion = 50;
	objects = {

/* Begin PBXBuildFile section */
		FB55C605278BEAD6009C1C32 /* AppDelegate.swift in Sources */ = {isa = PBXBuildFile; fileRef = FB55C604278BEAD6009C1C32 /* AppDelegate.swift */; };
		FB55C607278BEAD6009C1C32 /* SceneDelegate.swift in Sources */ = {isa = PBXBuildFile; fileRef = FB55C606278BEAD6009C1C32 /* SceneDelegate.swift */; };
		FB55C609278BEAD6009C1C32 /* ViewController.swift in Sources */ = {isa = PBXBuildFile; fileRef = FB55C608278BEAD6009C1C32 /* ViewController.swift */; };
		FB55C60C278BEAD6009C1C32 /* Main.storyboard in Resources */ = {isa = PBXBuildFile; fileRef = FB55C60A278BEAD6009C1C32 /* Main.storyboard */; };
		FB55C60E278BEAD8009C1C32 /* Assets.xcassets in Resources */ = {isa = PBXBuildFile; fileRef = FB55C60D278BEAD8009C1C32 /* Assets.xcassets */; };
		FB55C611278BEAD8009C1C32 /* LaunchScreen.storyboard in Resources */ = {isa = PBXBuildFile; fileRef = FB55C60F278BEAD8009C1C32 /* LaunchScreen.storyboard */; };
		FB55C66D278BEFD1009C1C32 /* SystemConfiguration.framework in Frameworks */ = {isa = PBXBuildFile; fileRef = FB55C66C278BEFD1009C1C32 /* SystemConfiguration.framework */; };
		FB55C671278BEFF8009C1C32 /* CoreLocation.framework in Frameworks */ = {isa = PBXBuildFile; fileRef = FB55C670278BEFF8009C1C32 /* CoreLocation.framework */; };
		FB55C673278BF007009C1C32 /* OpenGLES.framework in Frameworks */ = {isa = PBXBuildFile; fileRef = FB55C672278BF007009C1C32 /* OpenGLES.framework */; };
		FB55C69B278BF01F009C1C32 /* map_pinup_custom@3x.png in Resources */ = {isa = PBXBuildFile; fileRef = FB55C676278BF01F009C1C32 /* map_pinup_custom@3x.png */; };
		FB55C69C278BF01F009C1C32 /* map_pin_custom.png in Resources */ = {isa = PBXBuildFile; fileRef = FB55C677278BF01F009C1C32 /* map_pin_custom.png */; };
		FB55C69D278BF01F009C1C32 /* shadow_balloon.png in Resources */ = {isa = PBXBuildFile; fileRef = FB55C678278BF01F009C1C32 /* shadow_balloon.png */; };
		FB55C69E278BF01F009C1C32 /* map_pinup.png in Resources */ = {isa = PBXBuildFile; fileRef = FB55C679278BF01F009C1C32 /* map_pinup.png */; };
		FB55C69F278BF01F009C1C32 /* detail_button.png in Resources */ = {isa = PBXBuildFile; fileRef = FB55C67A278BF01F009C1C32 /* detail_button.png */; };
		FB55C6A0278BF01F009C1C32 /* map_pin_custom@3x.png in Resources */ = {isa = PBXBuildFile; fileRef = FB55C67B278BF01F009C1C32 /* map_pin_custom@3x.png */; };
		FB55C6A1278BF01F009C1C32 /* map_pinup@3x.png in Resources */ = {isa = PBXBuildFile; fileRef = FB55C67C278BF01F009C1C32 /* map_pinup@3x.png */; };
		FB55C6A2278BF01F009C1C32 /* map_pin_shadow@3x.png in Resources */ = {isa = PBXBuildFile; fileRef = FB55C67D278BF01F009C1C32 /* map_pin_shadow@3x.png */; };
		FB55C6A3278BF01F009C1C32 /* copyright.png in Resources */ = {isa = PBXBuildFile; fileRef = FB55C67E278BF01F009C1C32 /* copyright.png */; };
		FB55C6A4278BF01F009C1C32 /* th_line.png in Resources */ = {isa = PBXBuildFile; fileRef = FB55C67F278BF01F009C1C32 /* th_line.png */; };
		FB55C6A5278BF01F009C1C32 /* map_pin_red@3x.png in Resources */ = {isa = PBXBuildFile; fileRef = FB55C680278BF01F009C1C32 /* map_pin_red@3x.png */; };
		FB55C6A6278BF01F009C1C32 /* daum_copyright.png in Resources */ = {isa = PBXBuildFile; fileRef = FB55C681278BF01F009C1C32 /* daum_copyright.png */; };
		FB55C6A7278BF01F009C1C32 /* map_pin@3x.png in Resources */ = {isa = PBXBuildFile; fileRef = FB55C682278BF01F009C1C32 /* map_pin@3x.png */; };
		FB55C6A8278BF01F009C1C32 /* map_present_tracking.png in Resources */ = {isa = PBXBuildFile; fileRef = FB55C683278BF01F009C1C32 /* map_present_tracking.png */; };
		FB55C6A9278BF01F009C1C32 /* map_pin_red.png in Resources */ = {isa = PBXBuildFile; fileRef = FB55C684278BF01F009C1C32 /* map_pin_red.png */; };
		FB55C6AA278BF01F009C1C32 /* info_box.png in Resources */ = {isa = PBXBuildFile; fileRef = FB55C68E278BF01F009C1C32 /* info_box.png */; };
		FB55C6AB278BF01F009C1C32 /* point_sprite.png in Resources */ = {isa = PBXBuildFile; fileRef = FB55C68F278BF01F009C1C32 /* point_sprite.png */; };
		FB55C6AC278BF01F009C1C32 /* map_pinup_custom.png in Resources */ = {isa = PBXBuildFile; fileRef = FB55C690278BF01F009C1C32 /* map_pinup_custom.png */; };
		FB55C6AD278BF01F009C1C32 /* info_box_tail.png in Resources */ = {isa = PBXBuildFile; fileRef = FB55C691278BF01F009C1C32 /* info_box_tail.png */; };
		FB55C6AE278BF01F009C1C32 /* noimage256.png in Resources */ = {isa = PBXBuildFile; fileRef = FB55C692278BF01F009C1C32 /* noimage256.png */; };
		FB55C6AF278BF01F009C1C32 /* map_present_direction.png in Resources */ = {isa = PBXBuildFile; fileRef = FB55C693278BF01F009C1C32 /* map_present_direction.png */; };
		FB55C6B0278BF01F009C1C32 /* map_pin.png in Resources */ = {isa = PBXBuildFile; fileRef = FB55C694278BF01F009C1C32 /* map_pin.png */; };
		FB55C6B1278BF01F009C1C32 /* map_present.png in Resources */ = {isa = PBXBuildFile; fileRef = FB55C695278BF01F009C1C32 /* map_present.png */; };
		FB55C6B2278BF01F009C1C32 /* noimage.png in Resources */ = {isa = PBXBuildFile; fileRef = FB55C696278BF01F009C1C32 /* noimage.png */; };
		FB55C6B3278BF01F009C1C32 /* map_present_background_update.png in Resources */ = {isa = PBXBuildFile; fileRef = FB55C697278BF01F009C1C32 /* map_present_background_update.png */; };
		FB55C6B4278BF01F009C1C32 /* daum_th_line.png in Resources */ = {isa = PBXBuildFile; fileRef = FB55C698278BF01F009C1C32 /* daum_th_line.png */; };
		FB55C6B5278BF01F009C1C32 /* map_pin_shadow.png in Resources */ = {isa = PBXBuildFile; fileRef = FB55C699278BF01F009C1C32 /* map_pin_shadow.png */; };
		FB55C6B6278BF01F009C1C32 /* DaumMap.framework in Frameworks */ = {isa = PBXBuildFile; fileRef = FB55C69A278BF01F009C1C32 /* DaumMap.framework */; };
		FB55C6B8278BF0BD009C1C32 /* QuartzCore.framework in Frameworks */ = {isa = PBXBuildFile; fileRef = FB55C66B278BEFC4009C1C32 /* QuartzCore.framework */; };
		FB55C6B9278BF0FC009C1C32 /* libc++.tbd in Frameworks */ = {isa = PBXBuildFile; fileRef = FB55C66F278BEFEB009C1C32 /* libc++.tbd */; };
		FB55C6BA278BF103009C1C32 /* libxml2.tbd in Frameworks */ = {isa = PBXBuildFile; fileRef = FB55C66E278BEFDD009C1C32 /* libxml2.tbd */; };
		FB55C6C0278BF129009C1C32 /* libsqlite3.tbd in Frameworks */ = {isa = PBXBuildFile; fileRef = FB55C6BF278BF129009C1C32 /* libsqlite3.tbd */; };
		FB55C6C2278BF5BC009C1C32 /* LocationData.swift in Sources */ = {isa = PBXBuildFile; fileRef = FB55C6C1278BF5BC009C1C32 /* LocationData.swift */; };
		FB55C6C5278BF618009C1C32 /* KLDocument.swift in Sources */ = {isa = PBXBuildFile; fileRef = FB55C6C4278BF618009C1C32 /* KLDocument.swift */; };
		FB55C6C7278BF725009C1C32 /* DetailListCellData.swift in Sources */ = {isa = PBXBuildFile; fileRef = FB55C6C6278BF725009C1C32 /* DetailListCellData.swift */; };
/* End PBXBuildFile section */

/* Begin PBXFileReference section */
		FB55C601278BEAD6009C1C32 /* FindCVS.app */ = {isa = PBXFileReference; explicitFileType = wrapper.application; includeInIndex = 0; path = FindCVS.app; sourceTree = BUILT_PRODUCTS_DIR; };
		FB55C604278BEAD6009C1C32 /* AppDelegate.swift */ = {isa = PBXFileReference; lastKnownFileType = sourcecode.swift; path = AppDelegate.swift; sourceTree = "<group>"; };
		FB55C606278BEAD6009C1C32 /* SceneDelegate.swift */ = {isa = PBXFileReference; lastKnownFileType = sourcecode.swift; path = SceneDelegate.swift; sourceTree = "<group>"; };
		FB55C608278BEAD6009C1C32 /* ViewController.swift */ = {isa = PBXFileReference; lastKnownFileType = sourcecode.swift; path = ViewController.swift; sourceTree = "<group>"; };
		FB55C60B278BEAD6009C1C32 /* Base */ = {isa = PBXFileReference; lastKnownFileType = file.storyboard; name = Base; path = Base.lproj/Main.storyboard; sourceTree = "<group>"; };
		FB55C60D278BEAD8009C1C32 /* Assets.xcassets */ = {isa = PBXFileReference; lastKnownFileType = folder.assetcatalog; path = Assets.xcassets; sourceTree = "<group>"; };
		FB55C610278BEAD8009C1C32 /* Base */ = {isa = PBXFileReference; lastKnownFileType = file.storyboard; name = Base; path = Base.lproj/LaunchScreen.storyboard; sourceTree = "<group>"; };
		FB55C612278BEAD8009C1C32 /* Info.plist */ = {isa = PBXFileReference; lastKnownFileType = text.plist.xml; path = Info.plist; sourceTree = "<group>"; };
		FB55C66A278BEFC4009C1C32 /* libswiftQuartzCore.tbd */ = {isa = PBXFileReference; lastKnownFileType = "sourcecode.text-based-dylib-definition"; name = libswiftQuartzCore.tbd; path = usr/lib/swift/libswiftQuartzCore.tbd; sourceTree = SDKROOT; };
		FB55C66B278BEFC4009C1C32 /* QuartzCore.framework */ = {isa = PBXFileReference; lastKnownFileType = wrapper.framework; name = QuartzCore.framework; path = System/Library/Frameworks/QuartzCore.framework; sourceTree = SDKROOT; };
		FB55C66C278BEFD1009C1C32 /* SystemConfiguration.framework */ = {isa = PBXFileReference; lastKnownFileType = wrapper.framework; name = SystemConfiguration.framework; path = System/Library/Frameworks/SystemConfiguration.framework; sourceTree = SDKROOT; };
		FB55C66E278BEFDD009C1C32 /* libxml2.tbd */ = {isa = PBXFileReference; lastKnownFileType = "sourcecode.text-based-dylib-definition"; name = libxml2.tbd; path = usr/lib/libxml2.tbd; sourceTree = SDKROOT; };
		FB55C66F278BEFEB009C1C32 /* libc++.tbd */ = {isa = PBXFileReference; lastKnownFileType = "sourcecode.text-based-dylib-definition"; name = "libc++.tbd"; path = "usr/lib/libc++.tbd"; sourceTree = SDKROOT; };
		FB55C670278BEFF8009C1C32 /* CoreLocation.framework */ = {isa = PBXFileReference; lastKnownFileType = wrapper.framework; name = CoreLocation.framework; path = System/Library/Frameworks/CoreLocation.framework; sourceTree = SDKROOT; };
		FB55C672278BF007009C1C32 /* OpenGLES.framework */ = {isa = PBXFileReference; lastKnownFileType = wrapper.framework; name = OpenGLES.framework; path = System/Library/Frameworks/OpenGLES.framework; sourceTree = SDKROOT; };
		FB55C676278BF01F009C1C32 /* map_pinup_custom@3x.png */ = {isa = PBXFileReference; lastKnownFileType = image.png; path = "map_pinup_custom@3x.png"; sourceTree = "<group>"; };
		FB55C677278BF01F009C1C32 /* map_pin_custom.png */ = {isa = PBXFileReference; lastKnownFileType = image.png; path = map_pin_custom.png; sourceTree = "<group>"; };
		FB55C678278BF01F009C1C32 /* shadow_balloon.png */ = {isa = PBXFileReference; lastKnownFileType = image.png; path = shadow_balloon.png; sourceTree = "<group>"; };
		FB55C679278BF01F009C1C32 /* map_pinup.png */ = {isa = PBXFileReference; lastKnownFileType = image.png; path = map_pinup.png; sourceTree = "<group>"; };
		FB55C67A278BF01F009C1C32 /* detail_button.png */ = {isa = PBXFileReference; lastKnownFileType = image.png; path = detail_button.png; sourceTree = "<group>"; };
		FB55C67B278BF01F009C1C32 /* map_pin_custom@3x.png */ = {isa = PBXFileReference; lastKnownFileType = image.png; path = "map_pin_custom@3x.png"; sourceTree = "<group>"; };
		FB55C67C278BF01F009C1C32 /* map_pinup@3x.png */ = {isa = PBXFileReference; lastKnownFileType = image.png; path = "map_pinup@3x.png"; sourceTree = "<group>"; };
		FB55C67D278BF01F009C1C32 /* map_pin_shadow@3x.png */ = {isa = PBXFileReference; lastKnownFileType = image.png; path = "map_pin_shadow@3x.png"; sourceTree = "<group>"; };
		FB55C67E278BF01F009C1C32 /* copyright.png */ = {isa = PBXFileReference; lastKnownFileType = image.png; path = copyright.png; sourceTree = "<group>"; };
		FB55C67F278BF01F009C1C32 /* th_line.png */ = {isa = PBXFileReference; lastKnownFileType = image.png; path = th_line.png; sourceTree = "<group>"; };
		FB55C680278BF01F009C1C32 /* map_pin_red@3x.png */ = {isa = PBXFileReference; lastKnownFileType = image.png; path = "map_pin_red@3x.png"; sourceTree = "<group>"; };
		FB55C681278BF01F009C1C32 /* daum_copyright.png */ = {isa = PBXFileReference; lastKnownFileType = image.png; path = daum_copyright.png; sourceTree = "<group>"; };
		FB55C682278BF01F009C1C32 /* map_pin@3x.png */ = {isa = PBXFileReference; lastKnownFileType = image.png; path = "map_pin@3x.png"; sourceTree = "<group>"; };
		FB55C683278BF01F009C1C32 /* map_present_tracking.png */ = {isa = PBXFileReference; lastKnownFileType = image.png; path = map_present_tracking.png; sourceTree = "<group>"; };
		FB55C684278BF01F009C1C32 /* map_pin_red.png */ = {isa = PBXFileReference; lastKnownFileType = image.png; path = map_pin_red.png; sourceTree = "<group>"; };
		FB55C686278BF01F009C1C32 /* MTMapPOIItem.h */ = {isa = PBXFileReference; fileEncoding = 4; lastKnownFileType = sourcecode.c.h; path = MTMapPOIItem.h; sourceTree = "<group>"; };
		FB55C687278BF01F009C1C32 /* MTMapCameraUpdate.h */ = {isa = PBXFileReference; fileEncoding = 4; lastKnownFileType = sourcecode.c.h; path = MTMapCameraUpdate.h; sourceTree = "<group>"; };
		FB55C688278BF01F009C1C32 /* MTMapReverseGeoCoder.h */ = {isa = PBXFileReference; fileEncoding = 4; lastKnownFileType = sourcecode.c.h; path = MTMapReverseGeoCoder.h; sourceTree = "<group>"; };
		FB55C689278BF01F009C1C32 /* MTMapPolyline.h */ = {isa = PBXFileReference; fileEncoding = 4; lastKnownFileType = sourcecode.c.h; path = MTMapPolyline.h; sourceTree = "<group>"; };
		FB55C68A278BF01F009C1C32 /* MTMapLocationMarkerItem.h */ = {isa = PBXFileReference; fileEncoding = 4; lastKnownFileType = sourcecode.c.h; path = MTMapLocationMarkerItem.h; sourceTree = "<group>"; };
		FB55C68B278BF01F009C1C32 /* MTMapView.h */ = {isa = PBXFileReference; fileEncoding = 4; lastKnownFileType = sourcecode.c.h; path = MTMapView.h; sourceTree = "<group>"; };
		FB55C68C278BF01F009C1C32 /* MTMapGeometry.h */ = {isa = PBXFileReference; fileEncoding = 4; lastKnownFileType = sourcecode.c.h; path = MTMapGeometry.h; sourceTree = "<group>"; };
		FB55C68D278BF01F009C1C32 /* MTMapCircle.h */ = {isa = PBXFileReference; fileEncoding = 4; lastKnownFileType = sourcecode.c.h; path = MTMapCircle.h; sourceTree = "<group>"; };
		FB55C68E278BF01F009C1C32 /* info_box.png */ = {isa = PBXFileReference; lastKnownFileType = image.png; path = info_box.png; sourceTree = "<group>"; };
		FB55C68F278BF01F009C1C32 /* point_sprite.png */ = {isa = PBXFileReference; lastKnownFileType = image.png; path = point_sprite.png; sourceTree = "<group>"; };
		FB55C690278BF01F009C1C32 /* map_pinup_custom.png */ = {isa = PBXFileReference; lastKnownFileType = image.png; path = map_pinup_custom.png; sourceTree = "<group>"; };
		FB55C691278BF01F009C1C32 /* info_box_tail.png */ = {isa = PBXFileReference; lastKnownFileType = image.png; path = info_box_tail.png; sourceTree = "<group>"; };
		FB55C692278BF01F009C1C32 /* noimage256.png */ = {isa = PBXFileReference; lastKnownFileType = image.png; path = noimage256.png; sourceTree = "<group>"; };
		FB55C693278BF01F009C1C32 /* map_present_direction.png */ = {isa = PBXFileReference; lastKnownFileType = image.png; path = map_present_direction.png; sourceTree = "<group>"; };
		FB55C694278BF01F009C1C32 /* map_pin.png */ = {isa = PBXFileReference; lastKnownFileType = image.png; path = map_pin.png; sourceTree = "<group>"; };
		FB55C695278BF01F009C1C32 /* map_present.png */ = {isa = PBXFileReference; lastKnownFileType = image.png; path = map_present.png; sourceTree = "<group>"; };
		FB55C696278BF01F009C1C32 /* noimage.png */ = {isa = PBXFileReference; lastKnownFileType = image.png; path = noimage.png; sourceTree = "<group>"; };
		FB55C697278BF01F009C1C32 /* map_present_background_update.png */ = {isa = PBXFileReference; lastKnownFileType = image.png; path = map_present_background_update.png; sourceTree = "<group>"; };
		FB55C698278BF01F009C1C32 /* daum_th_line.png */ = {isa = PBXFileReference; lastKnownFileType = image.png; path = daum_th_line.png; sourceTree = "<group>"; };
		FB55C699278BF01F009C1C32 /* map_pin_shadow.png */ = {isa = PBXFileReference; lastKnownFileType = image.png; path = map_pin_shadow.png; sourceTree = "<group>"; };
		FB55C69A278BF01F009C1C32 /* DaumMap.framework */ = {isa = PBXFileReference; lastKnownFileType = wrapper.framework; path = DaumMap.framework; sourceTree = "<group>"; };
		FB55C6B7278BF04D009C1C32 /* BridgingHeader.h */ = {isa = PBXFileReference; lastKnownFileType = sourcecode.c.h; path = BridgingHeader.h; sourceTree = "<group>"; };
		FB55C6BF278BF129009C1C32 /* libsqlite3.tbd */ = {isa = PBXFileReference; lastKnownFileType = "sourcecode.text-based-dylib-definition"; name = libsqlite3.tbd; path = usr/lib/libsqlite3.tbd; sourceTree = SDKROOT; };
		FB55C6C1278BF5BC009C1C32 /* LocationData.swift */ = {isa = PBXFileReference; lastKnownFileType = sourcecode.swift; path = LocationData.swift; sourceTree = "<group>"; };
		FB55C6C4278BF618009C1C32 /* KLDocument.swift */ = {isa = PBXFileReference; lastKnownFileType = sourcecode.swift; path = KLDocument.swift; sourceTree = "<group>"; };
		FB55C6C6278BF725009C1C32 /* DetailListCellData.swift */ = {isa = PBXFileReference; lastKnownFileType = sourcecode.swift; path = DetailListCellData.swift; sourceTree = "<group>"; };
/* End PBXFileReference section */

/* Begin PBXFrameworksBuildPhase section */
		FB55C5FE278BEAD6009C1C32 /* Frameworks */ = {
			isa = PBXFrameworksBuildPhase;
			buildActionMask = 2147483647;
			files = (
				FB55C6C0278BF129009C1C32 /* libsqlite3.tbd in Frameworks */,
				FB55C6BA278BF103009C1C32 /* libxml2.tbd in Frameworks */,
				FB55C6B9278BF0FC009C1C32 /* libc++.tbd in Frameworks */,
				FB55C6B8278BF0BD009C1C32 /* QuartzCore.framework in Frameworks */,
				FB55C671278BEFF8009C1C32 /* CoreLocation.framework in Frameworks */,
				FB55C66D278BEFD1009C1C32 /* SystemConfiguration.framework in Frameworks */,
				FB55C6B6278BF01F009C1C32 /* DaumMap.framework in Frameworks */,
				FB55C673278BF007009C1C32 /* OpenGLES.framework in Frameworks */,
			);
			runOnlyForDeploymentPostprocessing = 0;
		};
/* End PBXFrameworksBuildPhase section */

/* Begin PBXGroup section */
		FB55C5F8278BEAD6009C1C32 = {
			isa = PBXGroup;
			children = (
				FB55C603278BEAD6009C1C32 /* FindCVS */,
				FB55C602278BEAD6009C1C32 /* Products */,
				FB55C669278BEFC4009C1C32 /* Frameworks */,
			);
			sourceTree = "<group>";
		};
		FB55C602278BEAD6009C1C32 /* Products */ = {
			isa = PBXGroup;
			children = (
				FB55C601278BEAD6009C1C32 /* FindCVS.app */,
			);
			name = Products;
			sourceTree = "<group>";
		};
		FB55C603278BEAD6009C1C32 /* FindCVS */ = {
			isa = PBXGroup;
			children = (
				FB55C6B7278BF04D009C1C32 /* BridgingHeader.h */,
				FB55C604278BEAD6009C1C32 /* AppDelegate.swift */,
				FB55C606278BEAD6009C1C32 /* SceneDelegate.swift */,
				FB55C608278BEAD6009C1C32 /* ViewController.swift */,
				FB55C6C3278BF5C0009C1C32 /* Entites */,
				FB55C60A278BEAD6009C1C32 /* Main.storyboard */,
				FB55C60D278BEAD8009C1C32 /* Assets.xcassets */,
				FB55C60F278BEAD8009C1C32 /* LaunchScreen.storyboard */,
				FB55C612278BEAD8009C1C32 /* Info.plist */,
			);
			path = FindCVS;
			sourceTree = "<group>";
		};
		FB55C669278BEFC4009C1C32 /* Frameworks */ = {
			isa = PBXGroup;
			children = (
				FB55C674278BF01F009C1C32 /* DaumMap.embeddedframework */,
				FB55C66F278BEFEB009C1C32 /* libc++.tbd */,
				FB55C66E278BEFDD009C1C32 /* libxml2.tbd */,
				FB55C6BF278BF129009C1C32 /* libsqlite3.tbd */,
				FB55C66A278BEFC4009C1C32 /* libswiftQuartzCore.tbd */,
				FB55C66C278BEFD1009C1C32 /* SystemConfiguration.framework */,
				FB55C66B278BEFC4009C1C32 /* QuartzCore.framework */,
				FB55C672278BF007009C1C32 /* OpenGLES.framework */,
				FB55C670278BEFF8009C1C32 /* CoreLocation.framework */,
			);
			name = Frameworks;
			sourceTree = "<group>";
		};
		FB55C674278BF01F009C1C32 /* DaumMap.embeddedframework */ = {
			isa = PBXGroup;
			children = (
				FB55C675278BF01F009C1C32 /* Resources */,
				FB55C69A278BF01F009C1C32 /* DaumMap.framework */,
			);
			path = DaumMap.embeddedframework;
			sourceTree = "<group>";
		};
		FB55C675278BF01F009C1C32 /* Resources */ = {
			isa = PBXGroup;
			children = (
				FB55C676278BF01F009C1C32 /* map_pinup_custom@3x.png */,
				FB55C677278BF01F009C1C32 /* map_pin_custom.png */,
				FB55C678278BF01F009C1C32 /* shadow_balloon.png */,
				FB55C679278BF01F009C1C32 /* map_pinup.png */,
				FB55C67A278BF01F009C1C32 /* detail_button.png */,
				FB55C67B278BF01F009C1C32 /* map_pin_custom@3x.png */,
				FB55C67C278BF01F009C1C32 /* map_pinup@3x.png */,
				FB55C67D278BF01F009C1C32 /* map_pin_shadow@3x.png */,
				FB55C67E278BF01F009C1C32 /* copyright.png */,
				FB55C67F278BF01F009C1C32 /* th_line.png */,
				FB55C680278BF01F009C1C32 /* map_pin_red@3x.png */,
				FB55C681278BF01F009C1C32 /* daum_copyright.png */,
				FB55C682278BF01F009C1C32 /* map_pin@3x.png */,
				FB55C683278BF01F009C1C32 /* map_present_tracking.png */,
				FB55C684278BF01F009C1C32 /* map_pin_red.png */,
				FB55C685278BF01F009C1C32 /* Headers */,
				FB55C68E278BF01F009C1C32 /* info_box.png */,
				FB55C68F278BF01F009C1C32 /* point_sprite.png */,
				FB55C690278BF01F009C1C32 /* map_pinup_custom.png */,
				FB55C691278BF01F009C1C32 /* info_box_tail.png */,
				FB55C692278BF01F009C1C32 /* noimage256.png */,
				FB55C693278BF01F009C1C32 /* map_present_direction.png */,
				FB55C694278BF01F009C1C32 /* map_pin.png */,
				FB55C695278BF01F009C1C32 /* map_present.png */,
				FB55C696278BF01F009C1C32 /* noimage.png */,
				FB55C697278BF01F009C1C32 /* map_present_background_update.png */,
				FB55C698278BF01F009C1C32 /* daum_th_line.png */,
				FB55C699278BF01F009C1C32 /* map_pin_shadow.png */,
			);
			path = Resources;
			sourceTree = "<group>";
		};
		FB55C685278BF01F009C1C32 /* Headers */ = {
			isa = PBXGroup;
			children = (
				FB55C686278BF01F009C1C32 /* MTMapPOIItem.h */,
				FB55C687278BF01F009C1C32 /* MTMapCameraUpdate.h */,
				FB55C688278BF01F009C1C32 /* MTMapReverseGeoCoder.h */,
				FB55C689278BF01F009C1C32 /* MTMapPolyline.h */,
				FB55C68A278BF01F009C1C32 /* MTMapLocationMarkerItem.h */,
				FB55C68B278BF01F009C1C32 /* MTMapView.h */,
				FB55C68C278BF01F009C1C32 /* MTMapGeometry.h */,
				FB55C68D278BF01F009C1C32 /* MTMapCircle.h */,
			);
			path = Headers;
			sourceTree = "<group>";
		};
		FB55C6C3278BF5C0009C1C32 /* Entites */ = {
			isa = PBXGroup;
			children = (
				FB55C6C1278BF5BC009C1C32 /* LocationData.swift */,
				FB55C6C4278BF618009C1C32 /* KLDocument.swift */,
				FB55C6C6278BF725009C1C32 /* DetailListCellData.swift */,
			);
			path = Entites;
			sourceTree = "<group>";
		};
/* End PBXGroup section */

/* Begin PBXNativeTarget section */
		FB55C600278BEAD6009C1C32 /* FindCVS */ = {
			isa = PBXNativeTarget;
			buildConfigurationList = FB55C615278BEAD8009C1C32 /* Build configuration list for PBXNativeTarget "FindCVS" */;
			buildPhases = (
				FB55C5FD278BEAD6009C1C32 /* Sources */,
				FB55C5FE278BEAD6009C1C32 /* Frameworks */,
				FB55C5FF278BEAD6009C1C32 /* Resources */,
			);
			buildRules = (
			);
			dependencies = (
			);
			name = FindCVS;
			productName = FindCVS;
			productReference = FB55C601278BEAD6009C1C32 /* FindCVS.app */;
			productType = "com.apple.product-type.application";
		};
/* End PBXNativeTarget section */

/* Begin PBXProject section */
		FB55C5F9278BEAD6009C1C32 /* Project object */ = {
			isa = PBXProject;
			attributes = {
				LastSwiftUpdateCheck = 1250;
				LastUpgradeCheck = 1250;
				TargetAttributes = {
					FB55C600278BEAD6009C1C32 = {
						CreatedOnToolsVersion = 12.5.1;
					};
				};
			};
			buildConfigurationList = FB55C5FC278BEAD6009C1C32 /* Build configuration list for PBXProject "FindCVS" */;
			compatibilityVersion = "Xcode 9.3";
			developmentRegion = en;
			hasScannedForEncodings = 0;
			knownRegions = (
				en,
				Base,
			);
			mainGroup = FB55C5F8278BEAD6009C1C32;
			productRefGroup = FB55C602278BEAD6009C1C32 /* Products */;
			projectDirPath = "";
			projectRoot = "";
			targets = (
				FB55C600278BEAD6009C1C32 /* FindCVS */,
			);
		};
/* End PBXProject section */

/* Begin PBXResourcesBuildPhase section */
		FB55C5FF278BEAD6009C1C32 /* Resources */ = {
			isa = PBXResourcesBuildPhase;
			buildActionMask = 2147483647;
			files = (
				FB55C6B1278BF01F009C1C32 /* map_present.png in Resources */,
				FB55C6A7278BF01F009C1C32 /* map_pin@3x.png in Resources */,
				FB55C6A5278BF01F009C1C32 /* map_pin_red@3x.png in Resources */,
				FB55C6B0278BF01F009C1C32 /* map_pin.png in Resources */,
				FB55C6A9278BF01F009C1C32 /* map_pin_red.png in Resources */,
				FB55C69B278BF01F009C1C32 /* map_pinup_custom@3x.png in Resources */,
				FB55C6A3278BF01F009C1C32 /* copyright.png in Resources */,
				FB55C6A2278BF01F009C1C32 /* map_pin_shadow@3x.png in Resources */,
				FB55C611278BEAD8009C1C32 /* LaunchScreen.storyboard in Resources */,
				FB55C6A6278BF01F009C1C32 /* daum_copyright.png in Resources */,
				FB55C6AA278BF01F009C1C32 /* info_box.png in Resources */,
				FB55C6A0278BF01F009C1C32 /* map_pin_custom@3x.png in Resources */,
				FB55C6B5278BF01F009C1C32 /* map_pin_shadow.png in Resources */,
				FB55C6A8278BF01F009C1C32 /* map_present_tracking.png in Resources */,
				FB55C69F278BF01F009C1C32 /* detail_button.png in Resources */,
				FB55C6B2278BF01F009C1C32 /* noimage.png in Resources */,
				FB55C6A4278BF01F009C1C32 /* th_line.png in Resources */,
				FB55C6AD278BF01F009C1C32 /* info_box_tail.png in Resources */,
				FB55C69C278BF01F009C1C32 /* map_pin_custom.png in Resources */,
				FB55C6AC278BF01F009C1C32 /* map_pinup_custom.png in Resources */,
				FB55C6A1278BF01F009C1C32 /* map_pinup@3x.png in Resources */,
				FB55C6AB278BF01F009C1C32 /* point_sprite.png in Resources */,
				FB55C6B3278BF01F009C1C32 /* map_present_background_update.png in Resources */,
				FB55C6AF278BF01F009C1C32 /* map_present_direction.png in Resources */,
				FB55C6AE278BF01F009C1C32 /* noimage256.png in Resources */,
				FB55C69D278BF01F009C1C32 /* shadow_balloon.png in Resources */,
				FB55C60E278BEAD8009C1C32 /* Assets.xcassets in Resources */,
				FB55C60C278BEAD6009C1C32 /* Main.storyboard in Resources */,
				FB55C6B4278BF01F009C1C32 /* daum_th_line.png in Resources */,
				FB55C69E278BF01F009C1C32 /* map_pinup.png in Resources */,
			);
			runOnlyForDeploymentPostprocessing = 0;
		};
/* End PBXResourcesBuildPhase section */

/* Begin PBXSourcesBuildPhase section */
		FB55C5FD278BEAD6009C1C32 /* Sources */ = {
			isa = PBXSourcesBuildPhase;
			buildActionMask = 2147483647;
			files = (
				FB55C6C2278BF5BC009C1C32 /* LocationData.swift in Sources */,
				FB55C6C5278BF618009C1C32 /* KLDocument.swift in Sources */,
				FB55C609278BEAD6009C1C32 /* ViewController.swift in Sources */,
				FB55C605278BEAD6009C1C32 /* AppDelegate.swift in Sources */,
				FB55C6C7278BF725009C1C32 /* DetailListCellData.swift in Sources */,
				FB55C607278BEAD6009C1C32 /* SceneDelegate.swift in Sources */,
			);
			runOnlyForDeploymentPostprocessing = 0;
		};
/* End PBXSourcesBuildPhase section */

/* Begin PBXVariantGroup section */
		FB55C60A278BEAD6009C1C32 /* Main.storyboard */ = {
			isa = PBXVariantGroup;
			children = (
				FB55C60B278BEAD6009C1C32 /* Base */,
			);
			name = Main.storyboard;
			sourceTree = "<group>";
		};
		FB55C60F278BEAD8009C1C32 /* LaunchScreen.storyboard */ = {
			isa = PBXVariantGroup;
			children = (
				FB55C610278BEAD8009C1C32 /* Base */,
			);
			name = LaunchScreen.storyboard;
			sourceTree = "<group>";
		};
/* End PBXVariantGroup section */

/* Begin XCBuildConfiguration section */
		FB55C613278BEAD8009C1C32 /* Debug */ = {
			isa = XCBuildConfiguration;
			buildSettings = {
				ALWAYS_SEARCH_USER_PATHS = NO;
				CLANG_ANALYZER_NONNULL = YES;
				CLANG_ANALYZER_NUMBER_OBJECT_CONVERSION = YES_AGGRESSIVE;
				CLANG_CXX_LANGUAGE_STANDARD = "gnu++14";
				CLANG_CXX_LIBRARY = "libc++";
				CLANG_ENABLE_MODULES = YES;
				CLANG_ENABLE_OBJC_ARC = NO;
				CLANG_ENABLE_OBJC_WEAK = YES;
				CLANG_WARN_BLOCK_CAPTURE_AUTORELEASING = YES;
				CLANG_WARN_BOOL_CONVERSION = YES;
				CLANG_WARN_COMMA = YES;
				CLANG_WARN_CONSTANT_CONVERSION = YES;
				CLANG_WARN_DEPRECATED_OBJC_IMPLEMENTATIONS = YES;
				CLANG_WARN_DIRECT_OBJC_ISA_USAGE = YES_ERROR;
				CLANG_WARN_DOCUMENTATION_COMMENTS = YES;
				CLANG_WARN_EMPTY_BODY = YES;
				CLANG_WARN_ENUM_CONVERSION = YES;
				CLANG_WARN_INFINITE_RECURSION = YES;
				CLANG_WARN_INT_CONVERSION = YES;
				CLANG_WARN_NON_LITERAL_NULL_CONVERSION = YES;
				CLANG_WARN_OBJC_IMPLICIT_RETAIN_SELF = YES;
				CLANG_WARN_OBJC_LITERAL_CONVERSION = YES;
				CLANG_WARN_OBJC_ROOT_CLASS = YES_ERROR;
				CLANG_WARN_QUOTED_INCLUDE_IN_FRAMEWORK_HEADER = YES;
				CLANG_WARN_RANGE_LOOP_ANALYSIS = YES;
				CLANG_WARN_STRICT_PROTOTYPES = YES;
				CLANG_WARN_SUSPICIOUS_MOVE = YES;
				CLANG_WARN_UNGUARDED_AVAILABILITY = YES_AGGRESSIVE;
				CLANG_WARN_UNREACHABLE_CODE = YES;
				CLANG_WARN__DUPLICATE_METHOD_MATCH = YES;
				COPY_PHASE_STRIP = NO;
				DEBUG_INFORMATION_FORMAT = dwarf;
				ENABLE_STRICT_OBJC_MSGSEND = YES;
				ENABLE_TESTABILITY = YES;
				GCC_C_LANGUAGE_STANDARD = gnu11;
				GCC_DYNAMIC_NO_PIC = NO;
				GCC_NO_COMMON_BLOCKS = YES;
				GCC_OPTIMIZATION_LEVEL = 0;
				GCC_PREPROCESSOR_DEFINITIONS = (
					"DEBUG=1",
					"$(inherited)",
				);
				GCC_WARN_64_TO_32_BIT_CONVERSION = YES;
				GCC_WARN_ABOUT_RETURN_TYPE = YES_ERROR;
				GCC_WARN_UNDECLARED_SELECTOR = YES;
				GCC_WARN_UNINITIALIZED_AUTOS = YES_AGGRESSIVE;
				GCC_WARN_UNUSED_FUNCTION = YES;
				GCC_WARN_UNUSED_VARIABLE = YES;
				IPHONEOS_DEPLOYMENT_TARGET = 14.5;
				MTL_ENABLE_DEBUG_INFO = INCLUDE_SOURCE;
				MTL_FAST_MATH = YES;
				ONLY_ACTIVE_ARCH = YES;
				SDKROOT = iphoneos;
				SWIFT_ACTIVE_COMPILATION_CONDITIONS = DEBUG;
				SWIFT_OPTIMIZATION_LEVEL = "-Onone";
			};
			name = Debug;
		};
		FB55C614278BEAD8009C1C32 /* Release */ = {
			isa = XCBuildConfiguration;
			buildSettings = {
				ALWAYS_SEARCH_USER_PATHS = NO;
				CLANG_ANALYZER_NONNULL = YES;
				CLANG_ANALYZER_NUMBER_OBJECT_CONVERSION = YES_AGGRESSIVE;
				CLANG_CXX_LANGUAGE_STANDARD = "gnu++14";
				CLANG_CXX_LIBRARY = "libc++";
				CLANG_ENABLE_MODULES = YES;
				CLANG_ENABLE_OBJC_ARC = NO;
				CLANG_ENABLE_OBJC_WEAK = YES;
				CLANG_WARN_BLOCK_CAPTURE_AUTORELEASING = YES;
				CLANG_WARN_BOOL_CONVERSION = YES;
				CLANG_WARN_COMMA = YES;
				CLANG_WARN_CONSTANT_CONVERSION = YES;
				CLANG_WARN_DEPRECATED_OBJC_IMPLEMENTATIONS = YES;
				CLANG_WARN_DIRECT_OBJC_ISA_USAGE = YES_ERROR;
				CLANG_WARN_DOCUMENTATION_COMMENTS = YES;
				CLANG_WARN_EMPTY_BODY = YES;
				CLANG_WARN_ENUM_CONVERSION = YES;
				CLANG_WARN_INFINITE_RECURSION = YES;
				CLANG_WARN_INT_CONVERSION = YES;
				CLANG_WARN_NON_LITERAL_NULL_CONVERSION = YES;
				CLANG_WARN_OBJC_IMPLICIT_RETAIN_SELF = YES;
				CLANG_WARN_OBJC_LITERAL_CONVERSION = YES;
				CLANG_WARN_OBJC_ROOT_CLASS = YES_ERROR;
				CLANG_WARN_QUOTED_INCLUDE_IN_FRAMEWORK_HEADER = YES;
				CLANG_WARN_RANGE_LOOP_ANALYSIS = YES;
				CLANG_WARN_STRICT_PROTOTYPES = YES;
				CLANG_WARN_SUSPICIOUS_MOVE = YES;
				CLANG_WARN_UNGUARDED_AVAILABILITY = YES_AGGRESSIVE;
				CLANG_WARN_UNREACHABLE_CODE = YES;
				CLANG_WARN__DUPLICATE_METHOD_MATCH = YES;
				COPY_PHASE_STRIP = NO;
				DEBUG_INFORMATION_FORMAT = "dwarf-with-dsym";
				ENABLE_NS_ASSERTIONS = NO;
				ENABLE_STRICT_OBJC_MSGSEND = YES;
				GCC_C_LANGUAGE_STANDARD = gnu11;
				GCC_NO_COMMON_BLOCKS = YES;
				GCC_WARN_64_TO_32_BIT_CONVERSION = YES;
				GCC_WARN_ABOUT_RETURN_TYPE = YES_ERROR;
				GCC_WARN_UNDECLARED_SELECTOR = YES;
				GCC_WARN_UNINITIALIZED_AUTOS = YES_AGGRESSIVE;
				GCC_WARN_UNUSED_FUNCTION = YES;
				GCC_WARN_UNUSED_VARIABLE = YES;
				IPHONEOS_DEPLOYMENT_TARGET = 14.5;
				MTL_ENABLE_DEBUG_INFO = NO;
				MTL_FAST_MATH = YES;
				SDKROOT = iphoneos;
				SWIFT_COMPILATION_MODE = wholemodule;
				SWIFT_OPTIMIZATION_LEVEL = "-O";
				VALIDATE_PRODUCT = YES;
			};
			name = Release;
		};
		FB55C616278BEAD8009C1C32 /* Debug */ = {
			isa = XCBuildConfiguration;
			buildSettings = {
				ASSETCATALOG_COMPILER_APPICON_NAME = AppIcon;
				ASSETCATALOG_COMPILER_GLOBAL_ACCENT_COLOR_NAME = AccentColor;
				CODE_SIGN_STYLE = Automatic;
				DEVELOPMENT_TEAM = YHNY62HKYP;
				FRAMEWORK_SEARCH_PATHS = (
					"$(inherited)",
					"$(PROJECT_DIR)/DaumMap.embeddedframework",
				);
				INFOPLIST_FILE = FindCVS/Info.plist;
				LD_RUNPATH_SEARCH_PATHS = (
					"$(inherited)",
					"@executable_path/Frameworks",
				);
				PRODUCT_BUNDLE_IDENTIFIER = "Keem-ym.FindCVS";
				PRODUCT_NAME = "$(TARGET_NAME)";
				SWIFT_OBJC_BRIDGING_HEADER = "/Users/gim-yeongmin/Desktop/IOS/FindCVS/FindCVS/BridgingHeader.h";
				SWIFT_VERSION = 5.0;
				TARGETED_DEVICE_FAMILY = "1,2";
			};
			name = Debug;
		};
		FB55C617278BEAD8009C1C32 /* Release */ = {
			isa = XCBuildConfiguration;
			buildSettings = {
				ASSETCATALOG_COMPILER_APPICON_NAME = AppIcon;
				ASSETCATALOG_COMPILER_GLOBAL_ACCENT_COLOR_NAME = AccentColor;
				CODE_SIGN_STYLE = Automatic;
				DEVELOPMENT_TEAM = YHNY62HKYP;
				FRAMEWORK_SEARCH_PATHS = (
					"$(inherited)",
					"$(PROJECT_DIR)/DaumMap.embeddedframework",
				);
				INFOPLIST_FILE = FindCVS/Info.plist;
				LD_RUNPATH_SEARCH_PATHS = (
					"$(inherited)",
					"@executable_path/Frameworks",
				);
				PRODUCT_BUNDLE_IDENTIFIER = "Keem-ym.FindCVS";
				PRODUCT_NAME = "$(TARGET_NAME)";
				SWIFT_OBJC_BRIDGING_HEADER = "/Users/gim-yeongmin/Desktop/IOS/FindCVS/FindCVS/BridgingHeader.h";
				SWIFT_VERSION = 5.0;
				TARGETED_DEVICE_FAMILY = "1,2";
			};
			name = Release;
		};
/* End XCBuildConfiguration section */

/* Begin XCConfigurationList section */
		FB55C5FC278BEAD6009C1C32 /* Build configuration list for PBXProject "FindCVS" */ = {
			isa = XCConfigurationList;
			buildConfigurations = (
				FB55C613278BEAD8009C1C32 /* Debug */,
				FB55C614278BEAD8009C1C32 /* Release */,
			);
			defaultConfigurationIsVisible = 0;
			defaultConfigurationName = Release;
		};
		FB55C615278BEAD8009C1C32 /* Build configuration list for PBXNativeTarget "FindCVS" */ = {
			isa = XCConfigurationList;
			buildConfigurations = (
				FB55C616278BEAD8009C1C32 /* Debug */,
				FB55C617278BEAD8009C1C32 /* Release */,
			);
			defaultConfigurationIsVisible = 0;
			defaultConfigurationName = Release;
		};
/* End XCConfigurationList section */
	};
	rootObject = FB55C5F9278BEAD6009C1C32 /* Project object */;
}
